// !$*UTF8*$!
{
	archiveVersion = 1;
	classes = {
	};
	objectVersion = 50;
	objects = {

/* Begin PBXBuildFile section */
		1A828A2C246855F200B0E65A /* AppDelegate.swift in Sources */ = {isa = PBXBuildFile; fileRef = 1A828A2B246855F200B0E65A /* AppDelegate.swift */; };
		1A828A2E246855F200B0E65A /* SceneDelegate.swift in Sources */ = {isa = PBXBuildFile; fileRef = 1A828A2D246855F200B0E65A /* SceneDelegate.swift */; };
		1A828A30246855F200B0E65A /* ViewController.swift in Sources */ = {isa = PBXBuildFile; fileRef = 1A828A2F246855F200B0E65A /* ViewController.swift */; };
		1A828A33246855F200B0E65A /* Main.storyboard in Resources */ = {isa = PBXBuildFile; fileRef = 1A828A31246855F200B0E65A /* Main.storyboard */; };
		1A828A36246855F200B0E65A /* CoreDataAuth.xcdatamodeld in Sources */ = {isa = PBXBuildFile; fileRef = 1A828A34246855F200B0E65A /* CoreDataAuth.xcdatamodeld */; };
		1A828A38246855F300B0E65A /* Assets.xcassets in Resources */ = {isa = PBXBuildFile; fileRef = 1A828A37246855F300B0E65A /* Assets.xcassets */; };
		1A828A3B246855F300B0E65A /* LaunchScreen.storyboard in Resources */ = {isa = PBXBuildFile; fileRef = 1A828A39246855F300B0E65A /* LaunchScreen.storyboard */; };
/* End PBXBuildFile section */

/* Begin PBXFileReference section */
		1A828A28246855F200B0E65A /* CoreDataAuth.app */ = {isa = PBXFileReference; explicitFileType = wrapper.application; includeInIndex = 0; path = CoreDataAuth.app; sourceTree = BUILT_PRODUCTS_DIR; };
		1A828A2B246855F200B0E65A /* AppDelegate.swift */ = {isa = PBXFileReference; lastKnownFileType = sourcecode.swift; path = AppDelegate.swift; sourceTree = "<group>"; };
		1A828A2D246855F200B0E65A /* SceneDelegate.swift */ = {isa = PBXFileReference; lastKnownFileType = sourcecode.swift; path = SceneDelegate.swift; sourceTree = "<group>"; };
		1A828A2F246855F200B0E65A /* ViewController.swift */ = {isa = PBXFileReference; lastKnownFileType = sourcecode.swift; path = ViewController.swift; sourceTree = "<group>"; };
		1A828A32246855F200B0E65A /* Base */ = {isa = PBXFileReference; lastKnownFileType = file.storyboard; name = Base; path = Base.lproj/Main.storyboard; sourceTree = "<group>"; };
		1A828A35246855F200B0E65A /* CoreDataAuth.xcdatamodel */ = {isa = PBXFileReference; lastKnownFileType = wrapper.xcdatamodel; path = CoreDataAuth.xcdatamodel; sourceTree = "<group>"; };
		1A828A37246855F300B0E65A /* Assets.xcassets */ = {isa = PBXFileReference; lastKnownFileType = folder.assetcatalog; path = Assets.xcassets; sourceTree = "<group>"; };
		1A828A3A246855F300B0E65A /* Base */ = {isa = PBXFileReference; lastKnownFileType = file.storyboard; name = Base; path = Base.lproj/LaunchScreen.storyboard; sourceTree = "<group>"; };
		1A828A3C246855F300B0E65A /* Info.plist */ = {isa = PBXFileReference; lastKnownFileType = text.plist.xml; path = Info.plist; sourceTree = "<group>"; };
/* End PBXFileReference section */

/* Begin PBXFrameworksBuildPhase section */
		1A828A25246855F200B0E65A /* Frameworks */ = {
			isa = PBXFrameworksBuildPhase;
			buildActionMask = 2147483647;
			files = (
			);
			runOnlyForDeploymentPostprocessing = 0;
		};
/* End PBXFrameworksBuildPhase section */

/* Begin PBXGroup section */
		1A828A1F246855F200B0E65A = {
			isa = PBXGroup;
			children = (
				1A828A2A246855F200B0E65A /* CoreDataAuth */,
				1A828A29246855F200B0E65A /* Products */,
			);
			sourceTree = "<group>";
		};
		1A828A29246855F200B0E65A /* Products */ = {
			isa = PBXGroup;
			children = (
				1A828A28246855F200B0E65A /* CoreDataAuth.app */,
			);
			name = Products;
			sourceTree = "<group>";
		};
		1A828A2A246855F200B0E65A /* CoreDataAuth */ = {
			isa = PBXGroup;
			children = (
				1A828A2B246855F200B0E65A /* AppDelegate.swift */,
				1A828A2D246855F200B0E65A /* SceneDelegate.swift */,
				1A828A2F246855F200B0E65A /* ViewController.swift */,
				1A828A31246855F200B0E65A /* Main.storyboard */,
				1A828A37246855F300B0E65A /* Assets.xcassets */,
				1A828A39246855F300B0E65A /* LaunchScreen.storyboard */,
				1A828A3C246855F300B0E65A /* Info.plist */,
				1A828A34246855F200B0E65A /* CoreDataAuth.xcdatamodeld */,
			);
			path = CoreDataAuth;
			sourceTree = "<group>";
		};
/* End PBXGroup section */

/* Begin PBXNativeTarget section */
		1A828A27246855F200B0E65A /* CoreDataAuth */ = {
			isa = PBXNativeTarget;
			buildConfigurationList = 1A828A3F246855F300B0E65A /* Build configuration list for PBXNativeTarget "CoreDataAuth" */;
			buildPhases = (
				1A828A24246855F200B0E65A /* Sources */,
				1A828A25246855F200B0E65A /* Frameworks */,
				1A828A26246855F200B0E65A /* Resources */,
			);
			buildRules = (
			);
			dependencies = (
			);
			name = CoreDataAuth;
			productName = CoreDataAuth;
			productReference = 1A828A28246855F200B0E65A /* CoreDataAuth.app */;
			productType = "com.apple.product-type.application";
		};
/* End PBXNativeTarget section */

/* Begin PBXProject section */
		1A828A20246855F200B0E65A /* Project object */ = {
			isa = PBXProject;
			attributes = {
				LastSwiftUpdateCheck = 1130;
				LastUpgradeCheck = 1130;
				ORGANIZATIONNAME = "Sara Correas";
				TargetAttributes = {
					1A828A27246855F200B0E65A = {
						CreatedOnToolsVersion = 11.3.1;
					};
				};
			};
			buildConfigurationList = 1A828A23246855F200B0E65A /* Build configuration list for PBXProject "CoreDataAuth" */;
			compatibilityVersion = "Xcode 9.3";
			developmentRegion = en;
			hasScannedForEncodings = 0;
			knownRegions = (
				en,
				Base,
			);
			mainGroup = 1A828A1F246855F200B0E65A;
			productRefGroup = 1A828A29246855F200B0E65A /* Products */;
			projectDirPath = "";
			projectRoot = "";
			targets = (
				1A828A27246855F200B0E65A /* CoreDataAuth */,
			);
		};
/* End PBXProject section */

/* Begin PBXResourcesBuildPhase section */
		1A828A26246855F200B0E65A /* Resources */ = {
			isa = PBXResourcesBuildPhase;
			buildActionMask = 2147483647;
			files = (
				1A828A3B246855F300B0E65A /* LaunchScreen.storyboard in Resources */,
				1A828A38246855F300B0E65A /* Assets.xcassets in Resources */,
				1A828A33246855F200B0E65A /* Main.storyboard in Resources */,
			);
			runOnlyForDeploymentPostprocessing = 0;
		};
/* End PBXResourcesBuildPhase section */

/* Begin PBXSourcesBuildPhase section */
		1A828A24246855F200B0E65A /* Sources */ = {
			isa = PBXSourcesBuildPhase;
			buildActionMask = 2147483647;
			files = (
				1A828A30246855F200B0E65A /* ViewController.swift in Sources */,
				1A828A2C246855F200B0E65A /* AppDelegate.swift in Sources */,
				1A828A36246855F200B0E65A /* CoreDataAuth.xcdatamodeld in Sources */,
				1A828A2E246855F200B0E65A /* SceneDelegate.swift in Sources */,
			);
			runOnlyForDeploymentPostprocessing = 0;
		};
/* End PBXSourcesBuildPhase section */

/* Begin PBXVariantGroup section */
		1A828A31246855F200B0E65A /* Main.storyboard */ = {
			isa = PBXVariantGroup;
			children = (
				1A828A32246855F200B0E65A /* Base */,
			);
			name = Main.storyboard;
			sourceTree = "<group>";
		};
		1A828A39246855F300B0E65A /* LaunchScreen.storyboard */ = {
			isa = PBXVariantGroup;
			children = (
				1A828A3A246855F300B0E65A /* Base */,
			);
			name = LaunchScreen.storyboard;
			sourceTree = "<group>";
		};
/* End PBXVariantGroup section */

/* Begin XCBuildConfiguration section */
		1A828A3D246855F300B0E65A /* Debug */ = {
			isa = XCBuildConfiguration;
			buildSettings = {
				ALWAYS_SEARCH_USER_PATHS = NO;
				CLANG_ANALYZER_NONNULL = YES;
				CLANG_ANALYZER_NUMBER_OBJECT_CONVERSION = YES_AGGRESSIVE;
				CLANG_CXX_LANGUAGE_STANDARD = "gnu++14";
				CLANG_CXX_LIBRARY = "libc++";
				CLANG_ENABLE_MODULES = YES;
				CLANG_ENABLE_OBJC_ARC = YES;
				CLANG_ENABLE_OBJC_WEAK = YES;
				CLANG_WARN_BLOCK_CAPTURE_AUTORELEASING = YES;
				CLANG_WARN_BOOL_CONVERSION = YES;
				CLANG_WARN_COMMA = YES;
				CLANG_WARN_CONSTANT_CONVERSION = YES;
				CLANG_WARN_DEPRECATED_OBJC_IMPLEMENTATIONS = YES;
				CLANG_WARN_DIRECT_OBJC_ISA_USAGE = YES_ERROR;
				CLANG_WARN_DOCUMENTATION_COMMENTS = YES;
				CLANG_WARN_EMPTY_BODY = YES;
				CLANG_WARN_ENUM_CONVERSION = YES;
				CLANG_WARN_INFINITE_RECURSION = YES;
				CLANG_WARN_INT_CONVERSION = YES;
				CLANG_WARN_NON_LITERAL_NULL_CONVERSION = YES;
				CLANG_WARN_OBJC_IMPLICIT_RETAIN_SELF = YES;
				CLANG_WARN_OBJC_LITERAL_CONVERSION = YES;
				CLANG_WARN_OBJC_ROOT_CLASS = YES_ERROR;
				CLANG_WARN_RANGE_LOOP_ANALYSIS = YES;
				CLANG_WARN_STRICT_PROTOTYPES = YES;
				CLANG_WARN_SUSPICIOUS_MOVE = YES;
				CLANG_WARN_UNGUARDED_AVAILABILITY = YES_AGGRESSIVE;
				CLANG_WARN_UNREACHABLE_CODE = YES;
				CLANG_WARN__DUPLICATE_METHOD_MATCH = YES;
				COPY_PHASE_STRIP = NO;
				DEBUG_INFORMATION_FORMAT = dwarf;
				ENABLE_STRICT_OBJC_MSGSEND = YES;
				ENABLE_TESTABILITY = YES;
				GCC_C_LANGUAGE_STANDARD = gnu11;
				GCC_DYNAMIC_NO_PIC = NO;
				GCC_NO_COMMON_BLOCKS = YES;
				GCC_OPTIMIZATION_LEVEL = 0;
				GCC_PREPROCESSOR_DEFINITIONS = (
					"DEBUG=1",
					"$(inherited)",
				);
				GCC_WARN_64_TO_32_BIT_CONVERSION = YES;
				GCC_WARN_ABOUT_RETURN_TYPE = YES_ERROR;
				GCC_WARN_UNDECLARED_SELECTOR = YES;
				GCC_WARN_UNINITIALIZED_AUTOS = YES_AGGRESSIVE;
				GCC_WARN_UNUSED_FUNCTION = YES;
				GCC_WARN_UNUSED_VARIABLE = YES;
				IPHONEOS_DEPLOYMENT_TARGET = 13.2;
				MTL_ENABLE_DEBUG_INFO = INCLUDE_SOURCE;
				MTL_FAST_MATH = YES;
				ONLY_ACTIVE_ARCH = YES;
				SDKROOT = iphoneos;
				SWIFT_ACTIVE_COMPILATION_CONDITIONS = DEBUG;
				SWIFT_OPTIMIZATION_LEVEL = "-Onone";
			};
			name = Debug;
		};
		1A828A3E246855F300B0E65A /* Release */ = {
			isa = XCBuildConfiguration;
			buildSettings = {
				ALWAYS_SEARCH_USER_PATHS = NO;
				CLANG_ANALYZER_NONNULL = YES;
				CLANG_ANALYZER_NUMBER_OBJECT_CONVERSION = YES_AGGRESSIVE;
				CLANG_CXX_LANGUAGE_STANDARD = "gnu++14";
				CLANG_CXX_LIBRARY = "libc++";
				CLANG_ENABLE_MODULES = YES;
				CLANG_ENABLE_OBJC_ARC = YES;
				CLANG_ENABLE_OBJC_WEAK = YES;
				CLANG_WARN_BLOCK_CAPTURE_AUTORELEASING = YES;
				CLANG_WARN_BOOL_CONVERSION = YES;
				CLANG_WARN_COMMA = YES;
				CLANG_WARN_CONSTANT_CONVERSION = YES;
				CLANG_WARN_DEPRECATED_OBJC_IMPLEMENTATIONS = YES;
				CLANG_WARN_DIRECT_OBJC_ISA_USAGE = YES_ERROR;
				CLANG_WARN_DOCUMENTATION_COMMENTS = YES;
				CLANG_WARN_EMPTY_BODY = YES;
				CLANG_WARN_ENUM_CONVERSION = YES;
				CLANG_WARN_INFINITE_RECURSION = YES;
				CLANG_WARN_INT_CONVERSION = YES;
				CLANG_WARN_NON_LITERAL_NULL_CONVERSION = YES;
				CLANG_WARN_OBJC_IMPLICIT_RETAIN_SELF = YES;
				CLANG_WARN_OBJC_LITERAL_CONVERSION = YES;
				CLANG_WARN_OBJC_ROOT_CLASS = YES_ERROR;
				CLANG_WARN_RANGE_LOOP_ANALYSIS = YES;
				CLANG_WARN_STRICT_PROTOTYPES = YES;
				CLANG_WARN_SUSPICIOUS_MOVE = YES;
				CLANG_WARN_UNGUARDED_AVAILABILITY = YES_AGGRESSIVE;
				CLANG_WARN_UNREACHABLE_CODE = YES;
				CLANG_WARN__DUPLICATE_METHOD_MATCH = YES;
				COPY_PHASE_STRIP = NO;
				DEBUG_INFORMATION_FORMAT = "dwarf-with-dsym";
				ENABLE_NS_ASSERTIONS = NO;
				ENABLE_STRICT_OBJC_MSGSEND = YES;
				GCC_C_LANGUAGE_STANDARD = gnu11;
				GCC_NO_COMMON_BLOCKS = YES;
				GCC_WARN_64_TO_32_BIT_CONVERSION = YES;
				GCC_WARN_ABOUT_RETURN_TYPE = YES_ERROR;
				GCC_WARN_UNDECLARED_SELECTOR = YES;
				GCC_WARN_UNINITIALIZED_AUTOS = YES_AGGRESSIVE;
				GCC_WARN_UNUSED_FUNCTION = YES;
				GCC_WARN_UNUSED_VARIABLE = YES;
				IPHONEOS_DEPLOYMENT_TARGET = 13.2;
				MTL_ENABLE_DEBUG_INFO = NO;
				MTL_FAST_MATH = YES;
				SDKROOT = iphoneos;
				SWIFT_COMPILATION_MODE = wholemodule;
				SWIFT_OPTIMIZATION_LEVEL = "-O";
				VALIDATE_PRODUCT = YES;
			};
			name = Release;
		};
		1A828A40246855F300B0E65A /* Debug */ = {
			isa = XCBuildConfiguration;
			buildSettings = {
				ASSETCATALOG_COMPILER_APPICON_NAME = AppIcon;
				CODE_SIGN_STYLE = Automatic;
				DEVELOPMENT_TEAM = 8D7332M8N9;
				INFOPLIST_FILE = CoreDataAuth/Info.plist;
				LD_RUNPATH_SEARCH_PATHS = (
					"$(inherited)",
					"@executable_path/Frameworks",
				);
				PRODUCT_BUNDLE_IDENTIFIER = sarascript.CoreDataAuth;
				PRODUCT_NAME = "$(TARGET_NAME)";
				SWIFT_VERSION = 5.0;
				TARGETED_DEVICE_FAMILY = "1,2";
			};
			name = Debug;
		};
		1A828A41246855F300B0E65A /* Release */ = {
			isa = XCBuildConfiguration;
			buildSettings = {
				ASSETCATALOG_COMPILER_APPICON_NAME = AppIcon;
				CODE_SIGN_STYLE = Automatic;
				DEVELOPMENT_TEAM = 8D7332M8N9;
				INFOPLIST_FILE = CoreDataAuth/Info.plist;
				LD_RUNPATH_SEARCH_PATHS = (
					"$(inherited)",
					"@executable_path/Frameworks",
				);
				PRODUCT_BUNDLE_IDENTIFIER = sarascript.CoreDataAuth;
				PRODUCT_NAME = "$(TARGET_NAME)";
				SWIFT_VERSION = 5.0;
				TARGETED_DEVICE_FAMILY = "1,2";
			};
			name = Release;
		};
/* End XCBuildConfiguration section */

/* Begin XCConfigurationList section */
		1A828A23246855F200B0E65A /* Build configuration list for PBXProject "CoreDataAuth" */ = {
			isa = XCConfigurationList;
			buildConfigurations = (
				1A828A3D246855F300B0E65A /* Debug */,
				1A828A3E246855F300B0E65A /* Release */,
			);
			defaultConfigurationIsVisible = 0;
			defaultConfigurationName = Release;
		};
		1A828A3F246855F300B0E65A /* Build configuration list for PBXNativeTarget "CoreDataAuth" */ = {
			isa = XCConfigurationList;
			buildConfigurations = (
				1A828A40246855F300B0E65A /* Debug */,
				1A828A41246855F300B0E65A /* Release */,
			);
			defaultConfigurationIsVisible = 0;
			defaultConfigurationName = Release;
		};
/* End XCConfigurationList section */

/* Begin XCVersionGroup section */
		1A828A34246855F200B0E65A /* CoreDataAuth.xcdatamodeld */ = {
			isa = XCVersionGroup;
			children = (
				1A828A35246855F200B0E65A /* CoreDataAuth.xcdatamodel */,
			);
			currentVersion = 1A828A35246855F200B0E65A /* CoreDataAuth.xcdatamodel */;
			path = CoreDataAuth.xcdatamodeld;
			sourceTree = "<group>";
			versionGroupType = wrapper.xcdatamodel;
		};
/* End XCVersionGroup section */
	};
	rootObject = 1A828A20246855F200B0E65A /* Project object */;
}
